
Microsoft Visual Studio Solution File, Format Version 12.00
# Visual Studio 15
Project("{FAE04EC0-301F-11D3-BF4B-00C04F79EFBC}") = "CFXREditor", "CFXREditor.csproj", "{898EDBFC-3791-481C-19AC-597254A0878F}"
EndProject
Project("{FAE04EC0-301F-11D3-BF4B-00C04F79EFBC}") = "Assembly-CSharp", "Assembly-CSharp.csproj", "{66FBEBA9-EAF2-5789-2F9C-EC4B1D83415F}"
EndProject
Project("{FAE04EC0-301F-11D3-BF4B-00C04F79EFBC}") = "CFXRRuntime", "CFXRRuntime.csproj", "{8468D01D-E2BD-9CAA-91DB-4A742DE27F6E}"
EndProject
Project("{FAE04EC0-301F-11D3-BF4B-00C04F79EFBC}") = "CFXR.WelcomeScreen", "CFXR.WelcomeScreen.csproj", "{7A3DEE61-DC8E-70FB-8FFC-AA407BA167FB}"
EndProject
Project("{FAE04EC0-301F-11D3-BF4B-00C04F79EFBC}") = "CFXRDemo", "CFXRDemo.csproj", "{AB14BFAA-895A-E9BD-2FA3-0EACB1283C70}"
EndProject
Project("{FAE04EC0-301F-11D3-BF4B-00C04F79EFBC}") = "ToonyColorsPro.Demo.Editor", "ToonyColorsPro.Demo.Editor.csproj", "{1577892E-8BC1-0C1D-D5DC-91C4CDAACBF2}"
EndProject
Project("{FAE04EC0-301F-11D3-BF4B-00C04F79EFBC}") = "KinoBloom.Runtime", "KinoBloom.Runtime.csproj", "{0E5946E3-0C21-144F-0D58-901723275D16}"
EndProject
Global
	GlobalSection(SolutionConfigurationPlatforms) = preSolution
		Debug|Any CPU = Debug|Any CPU
		Release|Any CPU = Release|Any CPU
	EndGlobalSection
	GlobalSection(ProjectConfigurationPlatforms) = postSolution
		{898EDBFC-3791-481C-19AC-597254A0878F}.Debug|Any CPU.ActiveCfg = Debug|Any CPU
		{898EDBFC-3791-481C-19AC-597254A0878F}.Debug|Any CPU.Build.0 = Debug|Any CPU
		{898EDBFC-3791-481C-19AC-597254A0878F}.Release|Any CPU.ActiveCfg = Release|Any CPU
		{898EDBFC-3791-481C-19AC-597254A0878F}.Release|Any CPU.Build.0 = Release|Any CPU
		{66FBEBA9-EAF2-5789-2F9C-EC4B1D83415F}.Debug|Any CPU.ActiveCfg = Debug|Any CPU
		{66FBEBA9-EAF2-5789-2F9C-EC4B1D83415F}.Debug|Any CPU.Build.0 = Debug|Any CPU
		{66FBEBA9-EAF2-5789-2F9C-EC4B1D83415F}.Release|Any CPU.ActiveCfg = Release|Any CPU
		{66FBEBA9-EAF2-5789-2F9C-EC4B1D83415F}.Release|Any CPU.Build.0 = Release|Any CPU
		{8468D01D-E2BD-9CAA-91DB-4A742DE27F6E}.Debug|Any CPU.ActiveCfg = Debug|Any CPU
		{8468D01D-E2BD-9CAA-91DB-4A742DE27F6E}.Debug|Any CPU.Build.0 = Debug|Any CPU
		{8468D01D-E2BD-9CAA-91DB-4A742DE27F6E}.Release|Any CPU.ActiveCfg = Release|Any CPU
		{8468D01D-E2BD-9CAA-91DB-4A742DE27F6E}.Release|Any CPU.Build.0 = Release|Any CPU
		{7A3DEE61-DC8E-70FB-8FFC-AA407BA167FB}.Debug|Any CPU.ActiveCfg = Debug|Any CPU
		{7A3DEE61-DC8E-70FB-8FFC-AA407BA167FB}.Debug|Any CPU.Build.0 = Debug|Any CPU
		{7A3DEE61-DC8E-70FB-8FFC-AA407BA167FB}.Release|Any CPU.ActiveCfg = Release|Any CPU
		{7A3DEE61-DC8E-70FB-8FFC-AA407BA167FB}.Release|Any CPU.Build.0 = Release|Any CPU
		{AB14BFAA-895A-E9BD-2FA3-0EACB1283C70}.Debug|Any CPU.ActiveCfg = Debug|Any CPU
		{AB14BFAA-895A-E9BD-2FA3-0EACB1283C70}.Debug|Any CPU.Build.0 = Debug|Any CPU
		{AB14BFAA-895A-E9BD-2FA3-0EACB1283C70}.Release|Any CPU.ActiveCfg = Release|Any CPU
		{AB14BFAA-895A-E9BD-2FA3-0EACB1283C70}.Release|Any CPU.Build.0 = Release|Any CPU
		{1577892E-8BC1-0C1D-D5DC-91C4CDAACBF2}.Debug|Any CPU.ActiveCfg = Debug|Any CPU
		{1577892E-8BC1-0C1D-D5DC-91C4CDAACBF2}.Debug|Any CPU.Build.0 = Debug|Any CPU
		{1577892E-8BC1-0C1D-D5DC-91C4CDAACBF2}.Release|Any CPU.ActiveCfg = Release|Any CPU
		{1577892E-8BC1-0C1D-D5DC-91C4CDAACBF2}.Release|Any CPU.Build.0 = Release|Any CPU
		{0E5946E3-0C21-144F-0D58-901723275D16}.Debug|Any CPU.ActiveCfg = Debug|Any CPU
		{0E5946E3-0C21-144F-0D58-901723275D16}.Debug|Any CPU.Build.0 = Debug|Any CPU
		{0E5946E3-0C21-144F-0D58-901723275D16}.Release|Any CPU.ActiveCfg = Release|Any CPU
		{0E5946E3-0C21-144F-0D58-901723275D16}.Release|Any CPU.Build.0 = Release|Any CPU
	EndGlobalSection
	GlobalSection(SolutionProperties) = preSolution
		HideSolutionNode = FALSE
	EndGlobalSection
EndGlobal
